{
  "originHash" : "a22c2c23fbeb80c76078731343ddcdb89a66e5666e57d9ae0c5e4a2c1eada057",
  "pins" : [
    {
      "identity" : "alamofire",
      "kind" : "remoteSourceControl",
      "location" : "https://github.com/Alamofire/Alamofire.git",
      "state" : {
        "revision" : "7595cbcf59809f9977c5f6378500de2ad73b7ddb",
        "version" : "5.12.0"
      }
    },
    {
      "identity" : "filmix",
      "kind" : "remoteSourceControl",
      "location" : "git@github.com:resoul/filmix.git",
      "state" : {
        "revision" : "16882d1bc8af7a8cfe88d392952fc22070c0a94b",
        "version" : "1.2.2"
      }
    },
    {
      "identity" : "swiftsoup",
      "kind" : "remoteSourceControl",
      "location" : "https://github.com/scinfu/SwiftSoup.git",
      "state" : {
        "revision" : "49dcadd93161f4a44b4994d3a3e8de9f085aface",
        "version" : "2.13.5"
      }
    }
  ],
  "version" : 3
}
