{
  "originHash" : "a22c2c23fbeb80c76078731343ddcdb89a66e5666e57d9ae0c5e4a2c1eada057",
  "pins" : [
    {
      "identity" : "alamofire",
      "kind" : "remoteSourceControl",
      "location" : "https://github.com/Alamofire/Alamofire.git",
      "state" : {
        "revision" : "7595cbcf59809f9977c5f6378500de2ad73b7ddb",
        "version" : "5.12.0"
      }
    },
    {
      "identity" : "filmix",
      "kind" : "remoteSourceControl",
      "location" : "git@github.com:resoul/filmix.git",
      "state" : {
        "revision" : "42755d42f91511c3af81623de066cbbf347bcf87",
        "version" : "1.2.3"
      }
    },
    {
      "identity" : "swiftsoup",
      "kind" : "remoteSourceControl",
      "location" : "https://github.com/scinfu/SwiftSoup.git",
      "state" : {
        "revision" : "ead56133a693d0184d8c2db1a6d6394410cacfd6",
        "version" : "2.13.6"
      }
    }
  ],
  "version" : 3
}
